
Microsoft Visual Studio Solution File, Format Version 12.00
# Visual Studio Version 16
VisualStudioVersion = 16.0.29728.190
MinimumVisualStudioVersion = 10.0.40219.1
Project("{FAE04EC0-301F-11D3-BF4B-00C04F79EFBC}") = "BonusHunt", "BonusHunt\BonusHunt.csproj", "{EF4EE193-E181-4736-8F44-2DFD86D12C9C}"
EndProject
Global
	GlobalSection(SolutionConfigurationPlatforms) = preSolution
		Debug|Any CPU = Debug|Any CPU
		Release|Any CPU = Release|Any CPU
	EndGlobalSection
	GlobalSection(ProjectConfigurationPlatforms) = postSolution
		{EF4EE193-E181-4736-8F44-2DFD86D12C9C}.Debug|Any CPU.ActiveCfg = Debug|Any CPU
		{EF4EE193-E181-4736-8F44-2DFD86D12C9C}.Debug|Any CPU.Build.0 = Debug|Any CPU
		{EF4EE193-E181-4736-8F44-2DFD86D12C9C}.Release|Any CPU.ActiveCfg = Release|Any CPU
		{EF4EE193-E181-4736-8F44-2DFD86D12C9C}.Release|Any CPU.Build.0 = Release|Any CPU
	EndGlobalSection
	GlobalSection(SolutionProperties) = preSolution
		HideSolutionNode = FALSE
	EndGlobalSection
	GlobalSection(ExtensibilityGlobals) = postSolution
		SolutionGuid = {03D30E24-EFE0-4A8C-B20C-094192686F00}
	EndGlobalSection
EndGlobal
